
Microsoft Visual Studio Solution File, Format Version 12.00
# Visual Studio Version 16
VisualStudioVersion = 16.0.29613.14
MinimumVisualStudioVersion = 10.0.40219.1
Project("{FAE04EC0-301F-11D3-BF4B-00C04F79EFBC}") = "ComponentFactoryResolver", "ComponentFactoryResolver\ComponentFactoryResolver.csproj", "{AC7F851E-5E53-4BD5-AA3A-87EA9A5AB2AA}"
EndProject
Global
	GlobalSection(SolutionConfigurationPlatforms) = preSolution
		Debug|Any CPU = Debug|Any CPU
		Release|Any CPU = Release|Any CPU
	EndGlobalSection
	GlobalSection(ProjectConfigurationPlatforms) = postSolution
		{AC7F851E-5E53-4BD5-AA3A-87EA9A5AB2AA}.Debug|Any CPU.ActiveCfg = Debug|Any CPU
		{AC7F851E-5E53-4BD5-AA3A-87EA9A5AB2AA}.Debug|Any CPU.Build.0 = Debug|Any CPU
		{AC7F851E-5E53-4BD5-AA3A-87EA9A5AB2AA}.Release|Any CPU.ActiveCfg = Release|Any CPU
		{AC7F851E-5E53-4BD5-AA3A-87EA9A5AB2AA}.Release|Any CPU.Build.0 = Release|Any CPU
	EndGlobalSection
	GlobalSection(SolutionProperties) = preSolution
		HideSolutionNode = FALSE
	EndGlobalSection
	GlobalSection(ExtensibilityGlobals) = postSolution
		SolutionGuid = {0D00EAD7-8CF4-4DE2-B770-EACF551176FB}
	EndGlobalSection
EndGlobal
